# This file was autogenerated by Stack.
# You should not edit this file by hand.
# For more information, please see the documentation at:
#   https://docs.haskellstack.org/en/stable/lock_files

packages:
- completed:
    hackage: conf-0.1.1.0@sha256:b244120277e2afa5861ff5146db1f918a84e046bef28c685e585243f48b3710f,2243
    pantry-tree:
      size: 488
      sha256: e76153d152e5e125860bc20e2d1ab5d224267be1225d5b790c8a7b15b92e6486
  original:
    hackage: conf-0.1.1.0
- completed:
    name: haskell-tdlib
    version: 0.2.0.0
    git: https://github.com/mejgun/haskell-tdlib
    pantry-tree:
      size: 198397
      sha256: 82a866af9d29bdec882757ec2d416c88e96db71634bf6437ad69254c77495008
    commit: 777548ce216e8ec0a2fe97833a7241bbf0985d9a
  original:
    git: https://github.com/mejgun/haskell-tdlib
    commit: 777548ce216e8ec0a2fe97833a7241bbf0985d9a
snapshots:
- completed:
    size: 590100
    url: https://raw.githubusercontent.com/commercialhaskell/stackage-snapshots/master/lts/18/28.yaml
    sha256: 428ec8d5ce932190d3cbe266b9eb3c175cd81e984babf876b64019e2cbe4ea68
  original: lts-18.28
